// !$*UTF8*$!
{
	archiveVersion = 1;
	classes = {
	};
	objectVersion = 50;
	objects = {

/* Begin PBXBuildFile section */
		87322D0426AA5B5F00A11D6E /* MemorizeApp.swift in Sources */ = {isa = PBXBuildFile; fileRef = 87322D0326AA5B5F00A11D6E /* MemorizeApp.swift */; };
		87322D0626AA5B5F00A11D6E /* EmojiMemoryGameView.swift in Sources */ = {isa = PBXBuildFile; fileRef = 87322D0526AA5B5F00A11D6E /* EmojiMemoryGameView.swift */; };
		87322D0826AA5B6900A11D6E /* Assets.xcassets in Resources */ = {isa = PBXBuildFile; fileRef = 87322D0726AA5B6900A11D6E /* Assets.xcassets */; };
		87322D0B26AA5B6900A11D6E /* Preview Assets.xcassets in Resources */ = {isa = PBXBuildFile; fileRef = 87322D0A26AA5B6900A11D6E /* Preview Assets.xcassets */; };
		875FDC8F26BDADF70082FF89 /* MemoryGame.swift in Sources */ = {isa = PBXBuildFile; fileRef = 875FDC8E26BDADF70082FF89 /* MemoryGame.swift */; };
		875FDC9126BDB1BA0082FF89 /* EmojiMemoryGame.swift in Sources */ = {isa = PBXBuildFile; fileRef = 875FDC9026BDB1BA0082FF89 /* EmojiMemoryGame.swift */; };
		8781869A26D35332006FC19F /* AspectVGrid.swift in Sources */ = {isa = PBXBuildFile; fileRef = 8781869926D35332006FC19F /* AspectVGrid.swift */; };
		8781869C26D55FBF006FC19F /* Pie.swift in Sources */ = {isa = PBXBuildFile; fileRef = 8781869B26D55FBF006FC19F /* Pie.swift */; };
		8781869E26D571BD006FC19F /* oneAndOnly.swift in Sources */ = {isa = PBXBuildFile; fileRef = 8781869D26D571BD006FC19F /* oneAndOnly.swift */; };
		87E1640826CE1B46003337F6 /* Themes.swift in Sources */ = {isa = PBXBuildFile; fileRef = 87E1640726CE1B45003337F6 /* Themes.swift */; };
/* End PBXBuildFile section */

/* Begin PBXFileReference section */
		87322D0026AA5B5F00A11D6E /* Memorize.app */ = {isa = PBXFileReference; explicitFileType = wrapper.application; includeInIndex = 0; path = Memorize.app; sourceTree = BUILT_PRODUCTS_DIR; };
		87322D0326AA5B5F00A11D6E /* MemorizeApp.swift */ = {isa = PBXFileReference; lastKnownFileType = sourcecode.swift; path = MemorizeApp.swift; sourceTree = "<group>"; };
		87322D0526AA5B5F00A11D6E /* EmojiMemoryGameView.swift */ = {isa = PBXFileReference; lastKnownFileType = sourcecode.swift; path = EmojiMemoryGameView.swift; sourceTree = "<group>"; };
		87322D0726AA5B6900A11D6E /* Assets.xcassets */ = {isa = PBXFileReference; lastKnownFileType = folder.assetcatalog; path = Assets.xcassets; sourceTree = "<group>"; };
		87322D0A26AA5B6900A11D6E /* Preview Assets.xcassets */ = {isa = PBXFileReference; lastKnownFileType = folder.assetcatalog; path = "Preview Assets.xcassets"; sourceTree = "<group>"; };
		87322D0C26AA5B6900A11D6E /* Info.plist */ = {isa = PBXFileReference; lastKnownFileType = text.plist.xml; path = Info.plist; sourceTree = "<group>"; };
		875FDC8E26BDADF70082FF89 /* MemoryGame.swift */ = {isa = PBXFileReference; lastKnownFileType = sourcecode.swift; path = MemoryGame.swift; sourceTree = "<group>"; };
		875FDC9026BDB1BA0082FF89 /* EmojiMemoryGame.swift */ = {isa = PBXFileReference; lastKnownFileType = sourcecode.swift; path = EmojiMemoryGame.swift; sourceTree = "<group>"; };
		8781869926D35332006FC19F /* AspectVGrid.swift */ = {isa = PBXFileReference; lastKnownFileType = sourcecode.swift; path = AspectVGrid.swift; sourceTree = SOURCE_ROOT; };
		8781869B26D55FBF006FC19F /* Pie.swift */ = {isa = PBXFileReference; lastKnownFileType = sourcecode.swift; path = Pie.swift; sourceTree = SOURCE_ROOT; };
		8781869D26D571BD006FC19F /* oneAndOnly.swift */ = {isa = PBXFileReference; lastKnownFileType = sourcecode.swift; path = oneAndOnly.swift; sourceTree = "<group>"; };
		87E1640726CE1B45003337F6 /* Themes.swift */ = {isa = PBXFileReference; lastKnownFileType = sourcecode.swift; path = Themes.swift; sourceTree = SOURCE_ROOT; };
/* End PBXFileReference section */

/* Begin PBXFrameworksBuildPhase section */
		87322CFD26AA5B5F00A11D6E /* Frameworks */ = {
			isa = PBXFrameworksBuildPhase;
			buildActionMask = 2147483647;
			files = (
			);
			runOnlyForDeploymentPostprocessing = 0;
		};
/* End PBXFrameworksBuildPhase section */

/* Begin PBXGroup section */
		87322CF726AA5B5F00A11D6E = {
			isa = PBXGroup;
			children = (
				87322D0226AA5B5F00A11D6E /* Memorize */,
				87322D0126AA5B5F00A11D6E /* Products */,
			);
			sourceTree = "<group>";
		};
		87322D0126AA5B5F00A11D6E /* Products */ = {
			isa = PBXGroup;
			children = (
				87322D0026AA5B5F00A11D6E /* Memorize.app */,
			);
			name = Products;
			sourceTree = "<group>";
		};
		87322D0226AA5B5F00A11D6E /* Memorize */ = {
			isa = PBXGroup;
			children = (
				8781869B26D55FBF006FC19F /* Pie.swift */,
				8781869926D35332006FC19F /* AspectVGrid.swift */,
				87E1640726CE1B45003337F6 /* Themes.swift */,
				875FDC8E26BDADF70082FF89 /* MemoryGame.swift */,
				8781869D26D571BD006FC19F /* oneAndOnly.swift */,
				875FDC9026BDB1BA0082FF89 /* EmojiMemoryGame.swift */,
				87322D0326AA5B5F00A11D6E /* MemorizeApp.swift */,
				87322D0526AA5B5F00A11D6E /* EmojiMemoryGameView.swift */,
				87322D0726AA5B6900A11D6E /* Assets.xcassets */,
				87322D0C26AA5B6900A11D6E /* Info.plist */,
				87322D0926AA5B6900A11D6E /* Preview Content */,
			);
			path = Memorize;
			sourceTree = "<group>";
		};
		87322D0926AA5B6900A11D6E /* Preview Content */ = {
			isa = PBXGroup;
			children = (
				87322D0A26AA5B6900A11D6E /* Preview Assets.xcassets */,
			);
			path = "Preview Content";
			sourceTree = "<group>";
		};
/* End PBXGroup section */

/* Begin PBXNativeTarget section */
		87322CFF26AA5B5F00A11D6E /* Memorize */ = {
			isa = PBXNativeTarget;
			buildConfigurationList = 87322D0F26AA5B6900A11D6E /* Build configuration list for PBXNativeTarget "Memorize" */;
			buildPhases = (
				87322CFC26AA5B5F00A11D6E /* Sources */,
				87322CFD26AA5B5F00A11D6E /* Frameworks */,
				87322CFE26AA5B5F00A11D6E /* Resources */,
			);
			buildRules = (
			);
			dependencies = (
			);
			name = Memorize;
			productName = Memorize;
			productReference = 87322D0026AA5B5F00A11D6E /* Memorize.app */;
			productType = "com.apple.product-type.application";
		};
/* End PBXNativeTarget section */

/* Begin PBXProject section */
		87322CF826AA5B5F00A11D6E /* Project object */ = {
			isa = PBXProject;
			attributes = {
				LastSwiftUpdateCheck = 1250;
				LastUpgradeCheck = 1250;
				TargetAttributes = {
					87322CFF26AA5B5F00A11D6E = {
						CreatedOnToolsVersion = 12.5.1;
					};
				};
			};
			buildConfigurationList = 87322CFB26AA5B5F00A11D6E /* Build configuration list for PBXProject "Memorize" */;
			compatibilityVersion = "Xcode 9.3";
			developmentRegion = en;
			hasScannedForEncodings = 0;
			knownRegions = (
				en,
				Base,
			);
			mainGroup = 87322CF726AA5B5F00A11D6E;
			productRefGroup = 87322D0126AA5B5F00A11D6E /* Products */;
			projectDirPath = "";
			projectRoot = "";
			targets = (
				87322CFF26AA5B5F00A11D6E /* Memorize */,
			);
		};
/* End PBXProject section */

/* Begin PBXResourcesBuildPhase section */
		87322CFE26AA5B5F00A11D6E /* Resources */ = {
			isa = PBXResourcesBuildPhase;
			buildActionMask = 2147483647;
			files = (
				87322D0B26AA5B6900A11D6E /* Preview Assets.xcassets in Resources */,
				87322D0826AA5B6900A11D6E /* Assets.xcassets in Resources */,
			);
			runOnlyForDeploymentPostprocessing = 0;
		};
/* End PBXResourcesBuildPhase section */

/* Begin PBXSourcesBuildPhase section */
		87322CFC26AA5B5F00A11D6E /* Sources */ = {
			isa = PBXSourcesBuildPhase;
			buildActionMask = 2147483647;
			files = (
				875FDC8F26BDADF70082FF89 /* MemoryGame.swift in Sources */,
				87322D0626AA5B5F00A11D6E /* EmojiMemoryGameView.swift in Sources */,
				8781869E26D571BD006FC19F /* oneAndOnly.swift in Sources */,
				8781869A26D35332006FC19F /* AspectVGrid.swift in Sources */,
				87322D0426AA5B5F00A11D6E /* MemorizeApp.swift in Sources */,
				8781869C26D55FBF006FC19F /* Pie.swift in Sources */,
				87E1640826CE1B46003337F6 /* Themes.swift in Sources */,
				875FDC9126BDB1BA0082FF89 /* EmojiMemoryGame.swift in Sources */,
			);
			runOnlyForDeploymentPostprocessing = 0;
		};
/* End PBXSourcesBuildPhase section */

/* Begin XCBuildConfiguration section */
		87322D0D26AA5B6900A11D6E /* Debug */ = {
			isa = XCBuildConfiguration;
			buildSettings = {
				ALWAYS_SEARCH_USER_PATHS = NO;
				CLANG_ANALYZER_NONNULL = YES;
				CLANG_ANALYZER_NUMBER_OBJECT_CONVERSION = YES_AGGRESSIVE;
				CLANG_CXX_LANGUAGE_STANDARD = "gnu++14";
				CLANG_CXX_LIBRARY = "libc++";
				CLANG_ENABLE_MODULES = YES;
				CLANG_ENABLE_OBJC_ARC = YES;
				CLANG_ENABLE_OBJC_WEAK = YES;
				CLANG_WARN_BLOCK_CAPTURE_AUTORELEASING = YES;
				CLANG_WARN_BOOL_CONVERSION = YES;
				CLANG_WARN_COMMA = YES;
				CLANG_WARN_CONSTANT_CONVERSION = YES;
				CLANG_WARN_DEPRECATED_OBJC_IMPLEMENTATIONS = YES;
				CLANG_WARN_DIRECT_OBJC_ISA_USAGE = YES_ERROR;
				CLANG_WARN_DOCUMENTATION_COMMENTS = YES;
				CLANG_WARN_EMPTY_BODY = YES;
				CLANG_WARN_ENUM_CONVERSION = YES;
				CLANG_WARN_INFINITE_RECURSION = YES;
				CLANG_WARN_INT_CONVERSION = YES;
				CLANG_WARN_NON_LITERAL_NULL_CONVERSION = YES;
				CLANG_WARN_OBJC_IMPLICIT_RETAIN_SELF = YES;
				CLANG_WARN_OBJC_LITERAL_CONVERSION = YES;
				CLANG_WARN_OBJC_ROOT_CLASS = YES_ERROR;
				CLANG_WARN_QUOTED_INCLUDE_IN_FRAMEWORK_HEADER = YES;
				CLANG_WARN_RANGE_LOOP_ANALYSIS = YES;
				CLANG_WARN_STRICT_PROTOTYPES = YES;
				CLANG_WARN_SUSPICIOUS_MOVE = YES;
				CLANG_WARN_UNGUARDED_AVAILABILITY = YES_AGGRESSIVE;
				CLANG_WARN_UNREACHABLE_CODE = YES;
				CLANG_WARN__DUPLICATE_METHOD_MATCH = YES;
				COPY_PHASE_STRIP = NO;
				DEBUG_INFORMATION_FORMAT = dwarf;
				ENABLE_STRICT_OBJC_MSGSEND = YES;
				ENABLE_TESTABILITY = YES;
				GCC_C_LANGUAGE_STANDARD = gnu11;
				GCC_DYNAMIC_NO_PIC = NO;
				GCC_NO_COMMON_BLOCKS = YES;
				GCC_OPTIMIZATION_LEVEL = 0;
				GCC_PREPROCESSOR_DEFINITIONS = (
					"DEBUG=1",
					"$(inherited)",
				);
				GCC_WARN_64_TO_32_BIT_CONVERSION = YES;
				GCC_WARN_ABOUT_RETURN_TYPE = YES_ERROR;
				GCC_WARN_UNDECLARED_SELECTOR = YES;
				GCC_WARN_UNINITIALIZED_AUTOS = YES_AGGRESSIVE;
				GCC_WARN_UNUSED_FUNCTION = YES;
				GCC_WARN_UNUSED_VARIABLE = YES;
				IPHONEOS_DEPLOYMENT_TARGET = 14.5;
				MTL_ENABLE_DEBUG_INFO = INCLUDE_SOURCE;
				MTL_FAST_MATH = YES;
				ONLY_ACTIVE_ARCH = YES;
				SDKROOT = iphoneos;
				SWIFT_ACTIVE_COMPILATION_CONDITIONS = DEBUG;
				SWIFT_OPTIMIZATION_LEVEL = "-Onone";
			};
			name = Debug;
		};
		87322D0E26AA5B6900A11D6E /* Release */ = {
			isa = XCBuildConfiguration;
			buildSettings = {
				ALWAYS_SEARCH_USER_PATHS = NO;
				CLANG_ANALYZER_NONNULL = YES;
				CLANG_ANALYZER_NUMBER_OBJECT_CONVERSION = YES_AGGRESSIVE;
				CLANG_CXX_LANGUAGE_STANDARD = "gnu++14";
				CLANG_CXX_LIBRARY = "libc++";
				CLANG_ENABLE_MODULES = YES;
				CLANG_ENABLE_OBJC_ARC = YES;
				CLANG_ENABLE_OBJC_WEAK = YES;
				CLANG_WARN_BLOCK_CAPTURE_AUTORELEASING = YES;
				CLANG_WARN_BOOL_CONVERSION = YES;
				CLANG_WARN_COMMA = YES;
				CLANG_WARN_CONSTANT_CONVERSION = YES;
				CLANG_WARN_DEPRECATED_OBJC_IMPLEMENTATIONS = YES;
				CLANG_WARN_DIRECT_OBJC_ISA_USAGE = YES_ERROR;
				CLANG_WARN_DOCUMENTATION_COMMENTS = YES;
				CLANG_WARN_EMPTY_BODY = YES;
				CLANG_WARN_ENUM_CONVERSION = YES;
				CLANG_WARN_INFINITE_RECURSION = YES;
				CLANG_WARN_INT_CONVERSION = YES;
				CLANG_WARN_NON_LITERAL_NULL_CONVERSION = YES;
				CLANG_WARN_OBJC_IMPLICIT_RETAIN_SELF = YES;
				CLANG_WARN_OBJC_LITERAL_CONVERSION = YES;
				CLANG_WARN_OBJC_ROOT_CLASS = YES_ERROR;
				CLANG_WARN_QUOTED_INCLUDE_IN_FRAMEWORK_HEADER = YES;
				CLANG_WARN_RANGE_LOOP_ANALYSIS = YES;
				CLANG_WARN_STRICT_PROTOTYPES = YES;
				CLANG_WARN_SUSPICIOUS_MOVE = YES;
				CLANG_WARN_UNGUARDED_AVAILABILITY = YES_AGGRESSIVE;
				CLANG_WARN_UNREACHABLE_CODE = YES;
				CLANG_WARN__DUPLICATE_METHOD_MATCH = YES;
				COPY_PHASE_STRIP = NO;
				DEBUG_INFORMATION_FORMAT = "dwarf-with-dsym";
				ENABLE_NS_ASSERTIONS = NO;
				ENABLE_STRICT_OBJC_MSGSEND = YES;
				GCC_C_LANGUAGE_STANDARD = gnu11;
				GCC_NO_COMMON_BLOCKS = YES;
				GCC_WARN_64_TO_32_BIT_CONVERSION = YES;
				GCC_WARN_ABOUT_RETURN_TYPE = YES_ERROR;
				GCC_WARN_UNDECLARED_SELECTOR = YES;
				GCC_WARN_UNINITIALIZED_AUTOS = YES_AGGRESSIVE;
				GCC_WARN_UNUSED_FUNCTION = YES;
				GCC_WARN_UNUSED_VARIABLE = YES;
				IPHONEOS_DEPLOYMENT_TARGET = 14.5;
				MTL_ENABLE_DEBUG_INFO = NO;
				MTL_FAST_MATH = YES;
				SDKROOT = iphoneos;
				SWIFT_COMPILATION_MODE = wholemodule;
				SWIFT_OPTIMIZATION_LEVEL = "-O";
				VALIDATE_PRODUCT = YES;
			};
			name = Release;
		};
		87322D1026AA5B6900A11D6E /* Debug */ = {
			isa = XCBuildConfiguration;
			buildSettings = {
				ASSETCATALOG_COMPILER_APPICON_NAME = AppIcon;
				ASSETCATALOG_COMPILER_GLOBAL_ACCENT_COLOR_NAME = AccentColor;
				CODE_SIGN_STYLE = Automatic;
				DEVELOPMENT_ASSET_PATHS = "\"Memorize/Preview Content\"";
				DEVELOPMENT_TEAM = 2EDDZGZ55S;
				ENABLE_PREVIEWS = YES;
				INFOPLIST_FILE = Memorize/Info.plist;
				IPHONEOS_DEPLOYMENT_TARGET = 14.0;
				LD_RUNPATH_SEARCH_PATHS = (
					"$(inherited)",
					"@executable_path/Frameworks",
				);
				PRODUCT_BUNDLE_IDENTIFIER = "jandaur.anmol-gmail.com.Memorize";
				PRODUCT_NAME = "$(TARGET_NAME)";
				SWIFT_VERSION = 5.0;
				TARGETED_DEVICE_FAMILY = "1,2";
			};
			name = Debug;
		};
		87322D1126AA5B6900A11D6E /* Release */ = {
			isa = XCBuildConfiguration;
			buildSettings = {
				ASSETCATALOG_COMPILER_APPICON_NAME = AppIcon;
				ASSETCATALOG_COMPILER_GLOBAL_ACCENT_COLOR_NAME = AccentColor;
				CODE_SIGN_STYLE = Automatic;
				DEVELOPMENT_ASSET_PATHS = "\"Memorize/Preview Content\"";
				DEVELOPMENT_TEAM = 2EDDZGZ55S;
				ENABLE_PREVIEWS = YES;
				INFOPLIST_FILE = Memorize/Info.plist;
				IPHONEOS_DEPLOYMENT_TARGET = 14.0;
				LD_RUNPATH_SEARCH_PATHS = (
					"$(inherited)",
					"@executable_path/Frameworks",
				);
				PRODUCT_BUNDLE_IDENTIFIER = "jandaur.anmol-gmail.com.Memorize";
				PRODUCT_NAME = "$(TARGET_NAME)";
				SWIFT_VERSION = 5.0;
				TARGETED_DEVICE_FAMILY = "1,2";
			};
			name = Release;
		};
/* End XCBuildConfiguration section */

/* Begin XCConfigurationList section */
		87322CFB26AA5B5F00A11D6E /* Build configuration list for PBXProject "Memorize" */ = {
			isa = XCConfigurationList;
			buildConfigurations = (
				87322D0D26AA5B6900A11D6E /* Debug */,
				87322D0E26AA5B6900A11D6E /* Release */,
			);
			defaultConfigurationIsVisible = 0;
			defaultConfigurationName = Release;
		};
		87322D0F26AA5B6900A11D6E /* Build configuration list for PBXNativeTarget "Memorize" */ = {
			isa = XCConfigurationList;
			buildConfigurations = (
				87322D1026AA5B6900A11D6E /* Debug */,
				87322D1126AA5B6900A11D6E /* Release */,
			);
			defaultConfigurationIsVisible = 0;
			defaultConfigurationName = Release;
		};
/* End XCConfigurationList section */
	};
	rootObject = 87322CF826AA5B5F00A11D6E /* Project object */;
}
